
Microsoft Visual Studio Solution File, Format Version 12.00
# Visual Studio Version 16
VisualStudioVersion = 25.0.1706.3
MinimumVisualStudioVersion = 10.0.40219.1
Project("{FAE04EC0-301F-11D3-BF4B-00C04F79EFBC}") = "testttt.Android", "testttt\testttt.Android\testttt.Android.csproj", "{BD711147-FE28-43F4-921A-AE7E4E873425}"
EndProject
Project("{FAE04EC0-301F-11D3-BF4B-00C04F79EFBC}") = "testttt.iOS", "testttt\testttt.iOS\testttt.iOS.csproj", "{30D54D4F-DA82-453A-BD15-D96E10685338}"
EndProject
Project("{FAE04EC0-301F-11D3-BF4B-00C04F79EFBC}") = "testttt", "testttt\testttt\testttt.csproj", "{99A99D0B-77A7-49EC-9BA6-72C0A8DD017F}"
EndProject
Global
	GlobalSection(SolutionConfigurationPlatforms) = preSolution
		Debug|Any CPU = Debug|Any CPU
		Release|Any CPU = Release|Any CPU
		Debug|iPhoneSimulator = Debug|iPhoneSimulator
		Release|iPhoneSimulator = Release|iPhoneSimulator
		Debug|iPhone = Debug|iPhone
		Release|iPhone = Release|iPhone
	EndGlobalSection
	GlobalSection(ProjectConfigurationPlatforms) = postSolution
		{BD711147-FE28-43F4-921A-AE7E4E873425}.Debug|Any CPU.ActiveCfg = Debug|Any CPU
		{BD711147-FE28-43F4-921A-AE7E4E873425}.Debug|Any CPU.Build.0 = Debug|Any CPU
		{BD711147-FE28-43F4-921A-AE7E4E873425}.Release|Any CPU.ActiveCfg = Release|Any CPU
		{BD711147-FE28-43F4-921A-AE7E4E873425}.Release|Any CPU.Build.0 = Release|Any CPU
		{BD711147-FE28-43F4-921A-AE7E4E873425}.Debug|iPhoneSimulator.ActiveCfg = Debug|Any CPU
		{BD711147-FE28-43F4-921A-AE7E4E873425}.Debug|iPhoneSimulator.Build.0 = Debug|Any CPU
		{BD711147-FE28-43F4-921A-AE7E4E873425}.Release|iPhoneSimulator.ActiveCfg = Release|Any CPU
		{BD711147-FE28-43F4-921A-AE7E4E873425}.Release|iPhoneSimulator.Build.0 = Release|Any CPU
		{BD711147-FE28-43F4-921A-AE7E4E873425}.Debug|iPhone.ActiveCfg = Debug|Any CPU
		{BD711147-FE28-43F4-921A-AE7E4E873425}.Debug|iPhone.Build.0 = Debug|Any CPU
		{BD711147-FE28-43F4-921A-AE7E4E873425}.Release|iPhone.ActiveCfg = Release|Any CPU
		{BD711147-FE28-43F4-921A-AE7E4E873425}.Release|iPhone.Build.0 = Release|Any CPU
		{30D54D4F-DA82-453A-BD15-D96E10685338}.Debug|Any CPU.ActiveCfg = Debug|iPhoneSimulator
		{30D54D4F-DA82-453A-BD15-D96E10685338}.Debug|Any CPU.Build.0 = Debug|iPhoneSimulator
		{30D54D4F-DA82-453A-BD15-D96E10685338}.Release|Any CPU.ActiveCfg = Release|iPhoneSimulator
		{30D54D4F-DA82-453A-BD15-D96E10685338}.Release|Any CPU.Build.0 = Release|iPhoneSimulator
		{30D54D4F-DA82-453A-BD15-D96E10685338}.Debug|iPhoneSimulator.ActiveCfg = Debug|iPhoneSimulator
		{30D54D4F-DA82-453A-BD15-D96E10685338}.Debug|iPhoneSimulator.Build.0 = Debug|iPhoneSimulator
		{30D54D4F-DA82-453A-BD15-D96E10685338}.Release|iPhoneSimulator.ActiveCfg = Release|iPhoneSimulator
		{30D54D4F-DA82-453A-BD15-D96E10685338}.Release|iPhoneSimulator.Build.0 = Release|iPhoneSimulator
		{30D54D4F-DA82-453A-BD15-D96E10685338}.Debug|iPhone.ActiveCfg = Debug|iPhone
		{30D54D4F-DA82-453A-BD15-D96E10685338}.Debug|iPhone.Build.0 = Debug|iPhone
		{30D54D4F-DA82-453A-BD15-D96E10685338}.Release|iPhone.ActiveCfg = Release|iPhone
		{30D54D4F-DA82-453A-BD15-D96E10685338}.Release|iPhone.Build.0 = Release|iPhone
		{99A99D0B-77A7-49EC-9BA6-72C0A8DD017F}.Debug|Any CPU.ActiveCfg = Debug|Any CPU
		{99A99D0B-77A7-49EC-9BA6-72C0A8DD017F}.Debug|Any CPU.Build.0 = Debug|Any CPU
		{99A99D0B-77A7-49EC-9BA6-72C0A8DD017F}.Release|Any CPU.ActiveCfg = Release|Any CPU
		{99A99D0B-77A7-49EC-9BA6-72C0A8DD017F}.Release|Any CPU.Build.0 = Release|Any CPU
		{99A99D0B-77A7-49EC-9BA6-72C0A8DD017F}.Debug|iPhoneSimulator.ActiveCfg = Debug|Any CPU
		{99A99D0B-77A7-49EC-9BA6-72C0A8DD017F}.Debug|iPhoneSimulator.Build.0 = Debug|Any CPU
		{99A99D0B-77A7-49EC-9BA6-72C0A8DD017F}.Release|iPhoneSimulator.ActiveCfg = Release|Any CPU
		{99A99D0B-77A7-49EC-9BA6-72C0A8DD017F}.Release|iPhoneSimulator.Build.0 = Release|Any CPU
		{99A99D0B-77A7-49EC-9BA6-72C0A8DD017F}.Debug|iPhone.ActiveCfg = Debug|Any CPU
		{99A99D0B-77A7-49EC-9BA6-72C0A8DD017F}.Debug|iPhone.Build.0 = Debug|Any CPU
		{99A99D0B-77A7-49EC-9BA6-72C0A8DD017F}.Release|iPhone.ActiveCfg = Release|Any CPU
		{99A99D0B-77A7-49EC-9BA6-72C0A8DD017F}.Release|iPhone.Build.0 = Release|Any CPU
	EndGlobalSection
	GlobalSection(SolutionProperties) = preSolution
		HideSolutionNode = FALSE
	EndGlobalSection
	GlobalSection(ExtensibilityGlobals) = postSolution
		SolutionGuid = {7F596413-3D54-4186-BB5B-DF1C0B184CC6}
	EndGlobalSection
EndGlobal
